{
  "requires": true,
  "lockfileVersion": 1,
  "dependencies": {
    "black-scholes": {
      "version": "1.1.0",
      "resolved": "https://registry.npmjs.org/black-scholes/-/black-scholes-1.1.0.tgz",
      "integrity": "sha1-Lbd8+vSP+drg1dA2k66wLvIvmwk="
    },
    "greeks": {
      "version": "1.0.0",
      "resolved": "https://registry.npmjs.org/greeks/-/greeks-1.0.0.tgz",
      "integrity": "sha1-f86N6PGwFOyKsqXMAaqdFLab/ik=",
      "requires": {
        "black-scholes": "1.1.0"
      }
    },
    "implied-volatility": {
      "version": "1.0.0",
      "resolved": "https://registry.npmjs.org/implied-volatility/-/implied-volatility-1.0.0.tgz",
      "integrity": "sha1-rPUv/pU+o8DtsN7OP/PJzHQbemM=",
      "requires": {
        "black-scholes": "1.1.0"
      }
    }
  }
}
